
Microsoft Visual Studio Solution File, Format Version 12.00
# Visual Studio Version 17
VisualStudioVersion = 17.13.35828.75 d17.13
MinimumVisualStudioVersion = 10.0.40219.1
Project("{FAE04EC0-301F-11D3-BF4B-00C04F79EFBC}") = "appFirebase", "appFirebase\appFirebase.csproj", "{C8D469E7-CF44-4CE2-875F-AE3C241956CC}"
EndProject
Global
	GlobalSection(SolutionConfigurationPlatforms) = preSolution
		Debug|Any CPU = Debug|Any CPU
		Release|Any CPU = Release|Any CPU
	EndGlobalSection
	GlobalSection(ProjectConfigurationPlatforms) = postSolution
		{C8D469E7-CF44-4CE2-875F-AE3C241956CC}.Debug|Any CPU.ActiveCfg = Debug|Any CPU
		{C8D469E7-CF44-4CE2-875F-AE3C241956CC}.Debug|Any CPU.Build.0 = Debug|Any CPU
		{C8D469E7-CF44-4CE2-875F-AE3C241956CC}.Release|Any CPU.ActiveCfg = Release|Any CPU
		{C8D469E7-CF44-4CE2-875F-AE3C241956CC}.Release|Any CPU.Build.0 = Release|Any CPU
	EndGlobalSection
	GlobalSection(SolutionProperties) = preSolution
		HideSolutionNode = FALSE
	EndGlobalSection
	GlobalSection(ExtensibilityGlobals) = postSolution
		SolutionGuid = {DAE4BD80-45DF-474E-9462-675D0C16D719}
	EndGlobalSection
EndGlobal
